
Microsoft Visual Studio Solution File, Format Version 12.00
# Visual Studio Version 16
VisualStudioVersion = 25.0.1703.0
MinimumVisualStudioVersion = 10.0.40219.1
Project("{FAE04EC0-301F-11D3-BF4B-00C04F79EFBC}") = "WebApi", "WebApi\WebApi.csproj", "{DE96C91C-211E-4AEA-8374-5E24A72DDBAC}"
EndProject
Project("{FAE04EC0-301F-11D3-BF4B-00C04F79EFBC}") = "Models", "Models\Models.csproj", "{48976C93-7B0C-4FC5-A9EF-4A940272A634}"
EndProject
Project("{FAE04EC0-301F-11D3-BF4B-00C04F79EFBC}") = "DataAccessLayer", "DataAccessLayer\DataAccessLayer.csproj", "{6DB03871-6D15-4565-AF28-AFA79C485222}"
EndProject
Project("{FAE04EC0-301F-11D3-BF4B-00C04F79EFBC}") = "BusinessLogicLayer", "BusinessLogicLayer\BusinessLogicLayer.csproj", "{DA96C908-008B-4E3E-9DE6-2187AD7C9ACB}"
EndProject
Project("{FAE04EC0-301F-11D3-BF4B-00C04F79EFBC}") = "IosApp", "IosApp\IosApp.csproj", "{A98059CD-A51D-4B83-8255-23F4314EB328}"
EndProject
Project("{FAE04EC0-301F-11D3-BF4B-00C04F79EFBC}") = "AndroidApp", "AndroidApp\AndroidApp.csproj", "{9810143E-2F20-45B1-B1ED-C12D575CA3E8}"
EndProject
Global
	GlobalSection(SolutionConfigurationPlatforms) = preSolution
		Debug|Any CPU = Debug|Any CPU
		Release|Any CPU = Release|Any CPU
		Debug|iPhoneSimulator = Debug|iPhoneSimulator
		Release|iPhoneSimulator = Release|iPhoneSimulator
		Debug|iPhone = Debug|iPhone
		Release|iPhone = Release|iPhone
	EndGlobalSection
	GlobalSection(ProjectConfigurationPlatforms) = postSolution
		{DE96C91C-211E-4AEA-8374-5E24A72DDBAC}.Debug|Any CPU.ActiveCfg = Debug|Any CPU
		{DE96C91C-211E-4AEA-8374-5E24A72DDBAC}.Debug|Any CPU.Build.0 = Debug|Any CPU
		{DE96C91C-211E-4AEA-8374-5E24A72DDBAC}.Release|Any CPU.ActiveCfg = Release|Any CPU
		{DE96C91C-211E-4AEA-8374-5E24A72DDBAC}.Release|Any CPU.Build.0 = Release|Any CPU
		{DE96C91C-211E-4AEA-8374-5E24A72DDBAC}.Debug|iPhoneSimulator.ActiveCfg = Debug|Any CPU
		{DE96C91C-211E-4AEA-8374-5E24A72DDBAC}.Debug|iPhoneSimulator.Build.0 = Debug|Any CPU
		{DE96C91C-211E-4AEA-8374-5E24A72DDBAC}.Release|iPhoneSimulator.ActiveCfg = Release|Any CPU
		{DE96C91C-211E-4AEA-8374-5E24A72DDBAC}.Release|iPhoneSimulator.Build.0 = Release|Any CPU
		{DE96C91C-211E-4AEA-8374-5E24A72DDBAC}.Debug|iPhone.ActiveCfg = Debug|Any CPU
		{DE96C91C-211E-4AEA-8374-5E24A72DDBAC}.Debug|iPhone.Build.0 = Debug|Any CPU
		{DE96C91C-211E-4AEA-8374-5E24A72DDBAC}.Release|iPhone.ActiveCfg = Release|Any CPU
		{DE96C91C-211E-4AEA-8374-5E24A72DDBAC}.Release|iPhone.Build.0 = Release|Any CPU
		{48976C93-7B0C-4FC5-A9EF-4A940272A634}.Debug|Any CPU.ActiveCfg = Debug|Any CPU
		{48976C93-7B0C-4FC5-A9EF-4A940272A634}.Debug|Any CPU.Build.0 = Debug|Any CPU
		{48976C93-7B0C-4FC5-A9EF-4A940272A634}.Release|Any CPU.ActiveCfg = Release|Any CPU
		{48976C93-7B0C-4FC5-A9EF-4A940272A634}.Release|Any CPU.Build.0 = Release|Any CPU
		{48976C93-7B0C-4FC5-A9EF-4A940272A634}.Debug|iPhoneSimulator.ActiveCfg = Debug|Any CPU
		{48976C93-7B0C-4FC5-A9EF-4A940272A634}.Debug|iPhoneSimulator.Build.0 = Debug|Any CPU
		{48976C93-7B0C-4FC5-A9EF-4A940272A634}.Release|iPhoneSimulator.ActiveCfg = Release|Any CPU
		{48976C93-7B0C-4FC5-A9EF-4A940272A634}.Release|iPhoneSimulator.Build.0 = Release|Any CPU
		{48976C93-7B0C-4FC5-A9EF-4A940272A634}.Debug|iPhone.ActiveCfg = Debug|Any CPU
		{48976C93-7B0C-4FC5-A9EF-4A940272A634}.Debug|iPhone.Build.0 = Debug|Any CPU
		{48976C93-7B0C-4FC5-A9EF-4A940272A634}.Release|iPhone.ActiveCfg = Release|Any CPU
		{48976C93-7B0C-4FC5-A9EF-4A940272A634}.Release|iPhone.Build.0 = Release|Any CPU
		{6DB03871-6D15-4565-AF28-AFA79C485222}.Debug|Any CPU.ActiveCfg = Debug|Any CPU
		{6DB03871-6D15-4565-AF28-AFA79C485222}.Debug|Any CPU.Build.0 = Debug|Any CPU
		{6DB03871-6D15-4565-AF28-AFA79C485222}.Release|Any CPU.ActiveCfg = Release|Any CPU
		{6DB03871-6D15-4565-AF28-AFA79C485222}.Release|Any CPU.Build.0 = Release|Any CPU
		{6DB03871-6D15-4565-AF28-AFA79C485222}.Debug|iPhoneSimulator.ActiveCfg = Debug|Any CPU
		{6DB03871-6D15-4565-AF28-AFA79C485222}.Debug|iPhoneSimulator.Build.0 = Debug|Any CPU
		{6DB03871-6D15-4565-AF28-AFA79C485222}.Release|iPhoneSimulator.ActiveCfg = Release|Any CPU
		{6DB03871-6D15-4565-AF28-AFA79C485222}.Release|iPhoneSimulator.Build.0 = Release|Any CPU
		{6DB03871-6D15-4565-AF28-AFA79C485222}.Debug|iPhone.ActiveCfg = Debug|Any CPU
		{6DB03871-6D15-4565-AF28-AFA79C485222}.Debug|iPhone.Build.0 = Debug|Any CPU
		{6DB03871-6D15-4565-AF28-AFA79C485222}.Release|iPhone.ActiveCfg = Release|Any CPU
		{6DB03871-6D15-4565-AF28-AFA79C485222}.Release|iPhone.Build.0 = Release|Any CPU
		{DA96C908-008B-4E3E-9DE6-2187AD7C9ACB}.Debug|Any CPU.ActiveCfg = Debug|Any CPU
		{DA96C908-008B-4E3E-9DE6-2187AD7C9ACB}.Debug|Any CPU.Build.0 = Debug|Any CPU
		{DA96C908-008B-4E3E-9DE6-2187AD7C9ACB}.Release|Any CPU.ActiveCfg = Release|Any CPU
		{DA96C908-008B-4E3E-9DE6-2187AD7C9ACB}.Release|Any CPU.Build.0 = Release|Any CPU
		{DA96C908-008B-4E3E-9DE6-2187AD7C9ACB}.Debug|iPhoneSimulator.ActiveCfg = Debug|Any CPU
		{DA96C908-008B-4E3E-9DE6-2187AD7C9ACB}.Debug|iPhoneSimulator.Build.0 = Debug|Any CPU
		{DA96C908-008B-4E3E-9DE6-2187AD7C9ACB}.Release|iPhoneSimulator.ActiveCfg = Release|Any CPU
		{DA96C908-008B-4E3E-9DE6-2187AD7C9ACB}.Release|iPhoneSimulator.Build.0 = Release|Any CPU
		{DA96C908-008B-4E3E-9DE6-2187AD7C9ACB}.Debug|iPhone.ActiveCfg = Debug|Any CPU
		{DA96C908-008B-4E3E-9DE6-2187AD7C9ACB}.Debug|iPhone.Build.0 = Debug|Any CPU
		{DA96C908-008B-4E3E-9DE6-2187AD7C9ACB}.Release|iPhone.ActiveCfg = Release|Any CPU
		{DA96C908-008B-4E3E-9DE6-2187AD7C9ACB}.Release|iPhone.Build.0 = Release|Any CPU
		{A98059CD-A51D-4B83-8255-23F4314EB328}.Debug|Any CPU.ActiveCfg = Debug|iPhoneSimulator
		{A98059CD-A51D-4B83-8255-23F4314EB328}.Debug|Any CPU.Build.0 = Debug|iPhoneSimulator
		{A98059CD-A51D-4B83-8255-23F4314EB328}.Release|Any CPU.ActiveCfg = Release|iPhoneSimulator
		{A98059CD-A51D-4B83-8255-23F4314EB328}.Release|Any CPU.Build.0 = Release|iPhoneSimulator
		{A98059CD-A51D-4B83-8255-23F4314EB328}.Debug|iPhoneSimulator.ActiveCfg = Debug|iPhoneSimulator
		{A98059CD-A51D-4B83-8255-23F4314EB328}.Debug|iPhoneSimulator.Build.0 = Debug|iPhoneSimulator
		{A98059CD-A51D-4B83-8255-23F4314EB328}.Release|iPhoneSimulator.ActiveCfg = Release|iPhoneSimulator
		{A98059CD-A51D-4B83-8255-23F4314EB328}.Release|iPhoneSimulator.Build.0 = Release|iPhoneSimulator
		{A98059CD-A51D-4B83-8255-23F4314EB328}.Debug|iPhone.ActiveCfg = Debug|iPhone
		{A98059CD-A51D-4B83-8255-23F4314EB328}.Debug|iPhone.Build.0 = Debug|iPhone
		{A98059CD-A51D-4B83-8255-23F4314EB328}.Release|iPhone.ActiveCfg = Release|iPhone
		{A98059CD-A51D-4B83-8255-23F4314EB328}.Release|iPhone.Build.0 = Release|iPhone
		{9810143E-2F20-45B1-B1ED-C12D575CA3E8}.Debug|Any CPU.ActiveCfg = Debug|Any CPU
		{9810143E-2F20-45B1-B1ED-C12D575CA3E8}.Debug|Any CPU.Build.0 = Debug|Any CPU
		{9810143E-2F20-45B1-B1ED-C12D575CA3E8}.Release|Any CPU.ActiveCfg = Release|Any CPU
		{9810143E-2F20-45B1-B1ED-C12D575CA3E8}.Release|Any CPU.Build.0 = Release|Any CPU
		{9810143E-2F20-45B1-B1ED-C12D575CA3E8}.Debug|iPhoneSimulator.ActiveCfg = Debug|Any CPU
		{9810143E-2F20-45B1-B1ED-C12D575CA3E8}.Debug|iPhoneSimulator.Build.0 = Debug|Any CPU
		{9810143E-2F20-45B1-B1ED-C12D575CA3E8}.Release|iPhoneSimulator.ActiveCfg = Release|Any CPU
		{9810143E-2F20-45B1-B1ED-C12D575CA3E8}.Release|iPhoneSimulator.Build.0 = Release|Any CPU
		{9810143E-2F20-45B1-B1ED-C12D575CA3E8}.Debug|iPhone.ActiveCfg = Debug|Any CPU
		{9810143E-2F20-45B1-B1ED-C12D575CA3E8}.Debug|iPhone.Build.0 = Debug|Any CPU
		{9810143E-2F20-45B1-B1ED-C12D575CA3E8}.Release|iPhone.ActiveCfg = Release|Any CPU
		{9810143E-2F20-45B1-B1ED-C12D575CA3E8}.Release|iPhone.Build.0 = Release|Any CPU
	EndGlobalSection
	GlobalSection(SolutionProperties) = preSolution
		HideSolutionNode = FALSE
	EndGlobalSection
	GlobalSection(ExtensibilityGlobals) = postSolution
		SolutionGuid = {01FBED41-6AFF-4579-B291-3B05F217A5A7}
	EndGlobalSection
EndGlobal
