
Microsoft Visual Studio Solution File, Format Version 12.00
# Visual Studio Version 16
VisualStudioVersion = 25.0.1703.0
MinimumVisualStudioVersion = 10.0.40219.1
Project("{FAE04EC0-301F-11D3-BF4B-00C04F79EFBC}") = "WebApi", "WebApi\WebApi.csproj", "{DE96C91C-211E-4AEA-8374-5E24A72DDBAC}"
EndProject
Global
	GlobalSection(SolutionConfigurationPlatforms) = preSolution
		Debug|Any CPU = Debug|Any CPU
		Release|Any CPU = Release|Any CPU
	EndGlobalSection
	GlobalSection(ProjectConfigurationPlatforms) = postSolution
		{DE96C91C-211E-4AEA-8374-5E24A72DDBAC}.Debug|Any CPU.ActiveCfg = Debug|Any CPU
		{DE96C91C-211E-4AEA-8374-5E24A72DDBAC}.Debug|Any CPU.Build.0 = Debug|Any CPU
		{DE96C91C-211E-4AEA-8374-5E24A72DDBAC}.Release|Any CPU.ActiveCfg = Release|Any CPU
		{DE96C91C-211E-4AEA-8374-5E24A72DDBAC}.Release|Any CPU.Build.0 = Release|Any CPU
	EndGlobalSection
	GlobalSection(SolutionProperties) = preSolution
		HideSolutionNode = FALSE
	EndGlobalSection
	GlobalSection(ExtensibilityGlobals) = postSolution
		SolutionGuid = {01FBED41-6AFF-4579-B291-3B05F217A5A7}
	EndGlobalSection
EndGlobal
